
Microsoft Visual Studio Solution File, Format Version 12.00
# Visual Studio 15
VisualStudioVersion = 15.0.27130.2020
MinimumVisualStudioVersion = 10.0.40219.1
Project("{FAE04EC0-301F-11D3-BF4B-00C04F79EFBC}") = "PictureArranger", "PictureArranger\PictureArranger.csproj", "{74C8BE18-5CFE-496E-BCCF-598DDAC40608}"
EndProject
Global
	GlobalSection(SolutionConfigurationPlatforms) = preSolution
		Debug|Any CPU = Debug|Any CPU
		Release|Any CPU = Release|Any CPU
	EndGlobalSection
	GlobalSection(ProjectConfigurationPlatforms) = postSolution
		{74C8BE18-5CFE-496E-BCCF-598DDAC40608}.Debug|Any CPU.ActiveCfg = Debug|Any CPU
		{74C8BE18-5CFE-496E-BCCF-598DDAC40608}.Debug|Any CPU.Build.0 = Debug|Any CPU
		{74C8BE18-5CFE-496E-BCCF-598DDAC40608}.Release|Any CPU.ActiveCfg = Release|Any CPU
		{74C8BE18-5CFE-496E-BCCF-598DDAC40608}.Release|Any CPU.Build.0 = Release|Any CPU
	EndGlobalSection
	GlobalSection(SolutionProperties) = preSolution
		HideSolutionNode = FALSE
	EndGlobalSection
	GlobalSection(ExtensibilityGlobals) = postSolution
		SolutionGuid = {95C07B6D-3B44-4A8E-BAC4-D1EB36D2EB03}
	EndGlobalSection
EndGlobal
